
Microsoft Visual Studio Solution File, Format Version 12.00
# Visual Studio 15
VisualStudioVersion = 15.0.27428.2043
MinimumVisualStudioVersion = 10.0.40219.1
Project("{FAE04EC0-301F-11D3-BF4B-00C04F79EFBC}") = "ArtGallery_ECommerce", "ArtGallery_ECommerce\ArtGallery_ECommerce.csproj", "{764B5E81-1AAC-41EA-A98E-6D29F66FBEBF}"
EndProject
Project("{FAE04EC0-301F-11D3-BF4B-00C04F79EFBC}") = "ArtGallery_ECommerce.Tests", "ArtGallery_ECommerce.Tests\ArtGallery_ECommerce.Tests.csproj", "{7EF9F961-FDF3-4253-A15D-F98A320B9908}"
EndProject
Global
	GlobalSection(SolutionConfigurationPlatforms) = preSolution
		Debug|Any CPU = Debug|Any CPU
		Release|Any CPU = Release|Any CPU
	EndGlobalSection
	GlobalSection(ProjectConfigurationPlatforms) = postSolution
		{764B5E81-1AAC-41EA-A98E-6D29F66FBEBF}.Debug|Any CPU.ActiveCfg = Debug|Any CPU
		{764B5E81-1AAC-41EA-A98E-6D29F66FBEBF}.Debug|Any CPU.Build.0 = Debug|Any CPU
		{764B5E81-1AAC-41EA-A98E-6D29F66FBEBF}.Release|Any CPU.ActiveCfg = Release|Any CPU
		{764B5E81-1AAC-41EA-A98E-6D29F66FBEBF}.Release|Any CPU.Build.0 = Release|Any CPU
		{7EF9F961-FDF3-4253-A15D-F98A320B9908}.Debug|Any CPU.ActiveCfg = Debug|Any CPU
		{7EF9F961-FDF3-4253-A15D-F98A320B9908}.Debug|Any CPU.Build.0 = Debug|Any CPU
		{7EF9F961-FDF3-4253-A15D-F98A320B9908}.Release|Any CPU.ActiveCfg = Release|Any CPU
		{7EF9F961-FDF3-4253-A15D-F98A320B9908}.Release|Any CPU.Build.0 = Release|Any CPU
	EndGlobalSection
	GlobalSection(SolutionProperties) = preSolution
		HideSolutionNode = FALSE
	EndGlobalSection
	GlobalSection(ExtensibilityGlobals) = postSolution
		SolutionGuid = {6EE41833-B128-4895-9640-980FB0C0FC95}
	EndGlobalSection
EndGlobal
